
Microsoft Visual Studio Solution File, Format Version 12.00
# Visual Studio Version 16
VisualStudioVersion = 16.0.31005.135
MinimumVisualStudioVersion = 10.0.40219.1
Project("{9A19103F-16F7-4668-BE54-9A1E7A4F7556}") = "Classes", "Classes\Classes.csproj", "{D1C4ED87-8BC3-4872-BD2A-C8EB4030BE58}"
EndProject
Project("{FAE04EC0-301F-11D3-BF4B-00C04F79EFBC}") = "RecapDemo1", "RecapDemo1\RecapDemo1.csproj", "{BAAAF31C-F6E3-4F97-BB0F-E22891710CBE}"
EndProject
Project("{9A19103F-16F7-4668-BE54-9A1E7A4F7556}") = "Interfaces", "Interfaces\Interfaces.csproj", "{14C9B66D-7E6C-4D03-AB7E-145050981BFC}"
EndProject
Project("{9A19103F-16F7-4668-BE54-9A1E7A4F7556}") = "InterfacesDemo", "InterfacesDemo\InterfacesDemo.csproj", "{F6E09CCC-5C45-4C7B-86C7-EF639548AC62}"
EndProject
Project("{FAE04EC0-301F-11D3-BF4B-00C04F79EFBC}") = "Inheritance", "Inheritance\Inheritance.csproj", "{7E88D1FD-987B-4951-8EB7-9C6E3F974384}"
EndProject
Global
	GlobalSection(SolutionConfigurationPlatforms) = preSolution
		Debug|Any CPU = Debug|Any CPU
		Release|Any CPU = Release|Any CPU
	EndGlobalSection
	GlobalSection(ProjectConfigurationPlatforms) = postSolution
		{D1C4ED87-8BC3-4872-BD2A-C8EB4030BE58}.Debug|Any CPU.ActiveCfg = Debug|Any CPU
		{D1C4ED87-8BC3-4872-BD2A-C8EB4030BE58}.Debug|Any CPU.Build.0 = Debug|Any CPU
		{D1C4ED87-8BC3-4872-BD2A-C8EB4030BE58}.Release|Any CPU.ActiveCfg = Release|Any CPU
		{D1C4ED87-8BC3-4872-BD2A-C8EB4030BE58}.Release|Any CPU.Build.0 = Release|Any CPU
		{BAAAF31C-F6E3-4F97-BB0F-E22891710CBE}.Debug|Any CPU.ActiveCfg = Debug|Any CPU
		{BAAAF31C-F6E3-4F97-BB0F-E22891710CBE}.Debug|Any CPU.Build.0 = Debug|Any CPU
		{BAAAF31C-F6E3-4F97-BB0F-E22891710CBE}.Release|Any CPU.ActiveCfg = Release|Any CPU
		{BAAAF31C-F6E3-4F97-BB0F-E22891710CBE}.Release|Any CPU.Build.0 = Release|Any CPU
		{14C9B66D-7E6C-4D03-AB7E-145050981BFC}.Debug|Any CPU.ActiveCfg = Debug|Any CPU
		{14C9B66D-7E6C-4D03-AB7E-145050981BFC}.Debug|Any CPU.Build.0 = Debug|Any CPU
		{14C9B66D-7E6C-4D03-AB7E-145050981BFC}.Release|Any CPU.ActiveCfg = Release|Any CPU
		{14C9B66D-7E6C-4D03-AB7E-145050981BFC}.Release|Any CPU.Build.0 = Release|Any CPU
		{F6E09CCC-5C45-4C7B-86C7-EF639548AC62}.Debug|Any CPU.ActiveCfg = Debug|Any CPU
		{F6E09CCC-5C45-4C7B-86C7-EF639548AC62}.Debug|Any CPU.Build.0 = Debug|Any CPU
		{F6E09CCC-5C45-4C7B-86C7-EF639548AC62}.Release|Any CPU.ActiveCfg = Release|Any CPU
		{F6E09CCC-5C45-4C7B-86C7-EF639548AC62}.Release|Any CPU.Build.0 = Release|Any CPU
		{7E88D1FD-987B-4951-8EB7-9C6E3F974384}.Debug|Any CPU.ActiveCfg = Debug|Any CPU
		{7E88D1FD-987B-4951-8EB7-9C6E3F974384}.Debug|Any CPU.Build.0 = Debug|Any CPU
		{7E88D1FD-987B-4951-8EB7-9C6E3F974384}.Release|Any CPU.ActiveCfg = Release|Any CPU
		{7E88D1FD-987B-4951-8EB7-9C6E3F974384}.Release|Any CPU.Build.0 = Release|Any CPU
	EndGlobalSection
	GlobalSection(SolutionProperties) = preSolution
		HideSolutionNode = FALSE
	EndGlobalSection
	GlobalSection(ExtensibilityGlobals) = postSolution
		SolutionGuid = {0BFCCB02-5ACE-4032-92C3-42CC50BECF72}
	EndGlobalSection
EndGlobal
